
Microsoft Visual Studio Solution File, Format Version 12.00
# Visual Studio Version 16
VisualStudioVersion = 16.0.30517.126
MinimumVisualStudioVersion = 10.0.40219.1
Project("{FAE04EC0-301F-11D3-BF4B-00C04F79EFBC}") = "Damka", "Damka\Damka.csproj", "{8D6B5312-FAF1-4297-A3FF-8AB913DA8B00}"
EndProject
Global
	GlobalSection(SolutionConfigurationPlatforms) = preSolution
		Debug|Any CPU = Debug|Any CPU
		Release|Any CPU = Release|Any CPU
	EndGlobalSection
	GlobalSection(ProjectConfigurationPlatforms) = postSolution
		{8D6B5312-FAF1-4297-A3FF-8AB913DA8B00}.Debug|Any CPU.ActiveCfg = Debug|Any CPU
		{8D6B5312-FAF1-4297-A3FF-8AB913DA8B00}.Debug|Any CPU.Build.0 = Debug|Any CPU
		{8D6B5312-FAF1-4297-A3FF-8AB913DA8B00}.Release|Any CPU.ActiveCfg = Release|Any CPU
		{8D6B5312-FAF1-4297-A3FF-8AB913DA8B00}.Release|Any CPU.Build.0 = Release|Any CPU
	EndGlobalSection
	GlobalSection(SolutionProperties) = preSolution
		HideSolutionNode = FALSE
	EndGlobalSection
	GlobalSection(ExtensibilityGlobals) = postSolution
		SolutionGuid = {889C01F0-8B8B-43EC-A978-B89C5C51522F}
	EndGlobalSection
EndGlobal
